
Microsoft Visual Studio Solution File, Format Version 12.00
# Visual Studio Version 16
VisualStudioVersion = 16.0.30523.141
MinimumVisualStudioVersion = 10.0.40219.1
Project("{9A19103F-16F7-4668-BE54-9A1E7A4F7556}") = "Xtreme Tic Tac Toe by METH", "Xtreme Tic Tac Toe by METH.csproj", "{7994B0C4-1EE4-4FB2-9EC4-C941D7019595}"
EndProject
Global
	GlobalSection(SolutionConfigurationPlatforms) = preSolution
		Debug|Any CPU = Debug|Any CPU
		Release|Any CPU = Release|Any CPU
	EndGlobalSection
	GlobalSection(ProjectConfigurationPlatforms) = postSolution
		{7994B0C4-1EE4-4FB2-9EC4-C941D7019595}.Debug|Any CPU.ActiveCfg = Debug|Any CPU
		{7994B0C4-1EE4-4FB2-9EC4-C941D7019595}.Debug|Any CPU.Build.0 = Debug|Any CPU
		{7994B0C4-1EE4-4FB2-9EC4-C941D7019595}.Release|Any CPU.ActiveCfg = Release|Any CPU
		{7994B0C4-1EE4-4FB2-9EC4-C941D7019595}.Release|Any CPU.Build.0 = Release|Any CPU
	EndGlobalSection
	GlobalSection(SolutionProperties) = preSolution
		HideSolutionNode = FALSE
	EndGlobalSection
	GlobalSection(ExtensibilityGlobals) = postSolution
		SolutionGuid = {EF7E4681-C604-4A3A-923D-F70AEC9C29F8}
	EndGlobalSection
EndGlobal
